
Microsoft Visual Studio Solution File, Format Version 12.00
# Visual Studio Version 17
VisualStudioVersion = 17.10.34928.147
MinimumVisualStudioVersion = 10.0.40219.1
Project("{9A19103F-16F7-4668-BE54-9A1E7A4F7556}") = "Stationery.PaperStore.API", "Stationery.PaperStore.API\Stationery.PaperStore.API.csproj", "{0ADB1B5E-7CF2-4FC7-9FA4-E45814F1702E}"
EndProject
Project("{FAE04EC0-301F-11D3-BF4B-00C04F79EFBC}") = "Stationery.PaperStore.Infrastructure", "Stationery.PaperStore.Infrastructure\Stationery.PaperStore.Infrastructure.csproj", "{3337F74D-ECED-4ED3-8DA8-4FF424EC3846}"
EndProject
Project("{FAE04EC0-301F-11D3-BF4B-00C04F79EFBC}") = "Stationery.PaperStore.Core", "Stationery.PaperStore.Core\Stationery.PaperStore.Core.csproj", "{3A0ADB1F-7DCC-45D4-98FF-D11ABC7599B3}"
EndProject
Global
	GlobalSection(SolutionConfigurationPlatforms) = preSolution
		Debug|Any CPU = Debug|Any CPU
		Release|Any CPU = Release|Any CPU
	EndGlobalSection
	GlobalSection(ProjectConfigurationPlatforms) = postSolution
		{0ADB1B5E-7CF2-4FC7-9FA4-E45814F1702E}.Debug|Any CPU.ActiveCfg = Debug|Any CPU
		{0ADB1B5E-7CF2-4FC7-9FA4-E45814F1702E}.Debug|Any CPU.Build.0 = Debug|Any CPU
		{0ADB1B5E-7CF2-4FC7-9FA4-E45814F1702E}.Release|Any CPU.ActiveCfg = Release|Any CPU
		{0ADB1B5E-7CF2-4FC7-9FA4-E45814F1702E}.Release|Any CPU.Build.0 = Release|Any CPU
		{3337F74D-ECED-4ED3-8DA8-4FF424EC3846}.Debug|Any CPU.ActiveCfg = Debug|Any CPU
		{3337F74D-ECED-4ED3-8DA8-4FF424EC3846}.Debug|Any CPU.Build.0 = Debug|Any CPU
		{3337F74D-ECED-4ED3-8DA8-4FF424EC3846}.Release|Any CPU.ActiveCfg = Release|Any CPU
		{3337F74D-ECED-4ED3-8DA8-4FF424EC3846}.Release|Any CPU.Build.0 = Release|Any CPU
		{3A0ADB1F-7DCC-45D4-98FF-D11ABC7599B3}.Debug|Any CPU.ActiveCfg = Debug|Any CPU
		{3A0ADB1F-7DCC-45D4-98FF-D11ABC7599B3}.Debug|Any CPU.Build.0 = Debug|Any CPU
		{3A0ADB1F-7DCC-45D4-98FF-D11ABC7599B3}.Release|Any CPU.ActiveCfg = Release|Any CPU
		{3A0ADB1F-7DCC-45D4-98FF-D11ABC7599B3}.Release|Any CPU.Build.0 = Release|Any CPU
	EndGlobalSection
	GlobalSection(SolutionProperties) = preSolution
		HideSolutionNode = FALSE
	EndGlobalSection
	GlobalSection(ExtensibilityGlobals) = postSolution
		SolutionGuid = {DA2BB982-CFDA-4037-B561-215287114A8D}
	EndGlobalSection
EndGlobal
